
Microsoft Visual Studio Solution File, Format Version 12.00
# Visual Studio Version 16
VisualStudioVersion = 16.0.31025.194
MinimumVisualStudioVersion = 10.0.40219.1
Project("{9A19103F-16F7-4668-BE54-9A1E7A4F7556}") = "NetNodePluginClient", "NetNodePluginClient\NetNodePluginClient.csproj", "{93DBC97B-E65D-4BFD-BE66-B0B3EC66788D}"
EndProject
Project("{9A19103F-16F7-4668-BE54-9A1E7A4F7556}") = "NetNodePluginServer", "NetNodePluginServer\NetNodePluginServer.csproj", "{8F7A0992-EEAB-4B92-8B5F-338544AF77DB}"
EndProject
Global
	GlobalSection(SolutionConfigurationPlatforms) = preSolution
		Debug|Any CPU = Debug|Any CPU
		Release|Any CPU = Release|Any CPU
	EndGlobalSection
	GlobalSection(ProjectConfigurationPlatforms) = postSolution
		{93DBC97B-E65D-4BFD-BE66-B0B3EC66788D}.Debug|Any CPU.ActiveCfg = Debug|Any CPU
		{93DBC97B-E65D-4BFD-BE66-B0B3EC66788D}.Debug|Any CPU.Build.0 = Debug|Any CPU
		{93DBC97B-E65D-4BFD-BE66-B0B3EC66788D}.Release|Any CPU.ActiveCfg = Release|Any CPU
		{93DBC97B-E65D-4BFD-BE66-B0B3EC66788D}.Release|Any CPU.Build.0 = Release|Any CPU
		{8F7A0992-EEAB-4B92-8B5F-338544AF77DB}.Debug|Any CPU.ActiveCfg = Debug|Any CPU
		{8F7A0992-EEAB-4B92-8B5F-338544AF77DB}.Debug|Any CPU.Build.0 = Debug|Any CPU
		{8F7A0992-EEAB-4B92-8B5F-338544AF77DB}.Release|Any CPU.ActiveCfg = Release|Any CPU
		{8F7A0992-EEAB-4B92-8B5F-338544AF77DB}.Release|Any CPU.Build.0 = Release|Any CPU
	EndGlobalSection
	GlobalSection(SolutionProperties) = preSolution
		HideSolutionNode = FALSE
	EndGlobalSection
	GlobalSection(ExtensibilityGlobals) = postSolution
		SolutionGuid = {24781AA7-CCCF-4F68-94E3-75E3EE5E02FB}
	EndGlobalSection
EndGlobal
